// !$*UTF8*$!
{
	archiveVersion = 1;
	classes = {
	};
	objectVersion = 48;
	objects = {

/* Begin PBXBuildFile section */
		5CA57CE5590AA83E5A3D9693 /* Pods_Rx.framework in Frameworks */ = {isa = PBXBuildFile; fileRef = E5037874E191235B5B73552C /* Pods_Rx.framework */; };
		F40C812B203E71BF008EFE0E /* AppDelegate.swift in Sources */ = {isa = PBXBuildFile; fileRef = F40C812A203E71BF008EFE0E /* AppDelegate.swift */; };
		F40C812D203E71BF008EFE0E /* ViewController.swift in Sources */ = {isa = PBXBuildFile; fileRef = F40C812C203E71BF008EFE0E /* ViewController.swift */; };
		F40C8130203E71BF008EFE0E /* Main.storyboard in Resources */ = {isa = PBXBuildFile; fileRef = F40C812E203E71BF008EFE0E /* Main.storyboard */; };
		F40C8132203E71BF008EFE0E /* Assets.xcassets in Resources */ = {isa = PBXBuildFile; fileRef = F40C8131203E71BF008EFE0E /* Assets.xcassets */; };
		F40C8135203E71BF008EFE0E /* LaunchScreen.storyboard in Resources */ = {isa = PBXBuildFile; fileRef = F40C8133203E71BF008EFE0E /* LaunchScreen.storyboard */; };
/* End PBXBuildFile section */

/* Begin PBXFileReference section */
		5BD233DFF042C8B2044547F6 /* Pods-Rx.release.xcconfig */ = {isa = PBXFileReference; includeInIndex = 1; lastKnownFileType = text.xcconfig; name = "Pods-Rx.release.xcconfig"; path = "Pods/Target Support Files/Pods-Rx/Pods-Rx.release.xcconfig"; sourceTree = "<group>"; };
		BBB8A7CD4A5A529A6EC3E3AC /* Pods-Rx.debug.xcconfig */ = {isa = PBXFileReference; includeInIndex = 1; lastKnownFileType = text.xcconfig; name = "Pods-Rx.debug.xcconfig"; path = "Pods/Target Support Files/Pods-Rx/Pods-Rx.debug.xcconfig"; sourceTree = "<group>"; };
		E5037874E191235B5B73552C /* Pods_Rx.framework */ = {isa = PBXFileReference; explicitFileType = wrapper.framework; includeInIndex = 0; path = Pods_Rx.framework; sourceTree = BUILT_PRODUCTS_DIR; };
		F40C8127203E71BF008EFE0E /* Rx.app */ = {isa = PBXFileReference; explicitFileType = wrapper.application; includeInIndex = 0; path = Rx.app; sourceTree = BUILT_PRODUCTS_DIR; };
		F40C812A203E71BF008EFE0E /* AppDelegate.swift */ = {isa = PBXFileReference; lastKnownFileType = sourcecode.swift; path = AppDelegate.swift; sourceTree = "<group>"; };
		F40C812C203E71BF008EFE0E /* ViewController.swift */ = {isa = PBXFileReference; lastKnownFileType = sourcecode.swift; path = ViewController.swift; sourceTree = "<group>"; };
		F40C812F203E71BF008EFE0E /* Base */ = {isa = PBXFileReference; lastKnownFileType = file.storyboard; name = Base; path = Base.lproj/Main.storyboard; sourceTree = "<group>"; };
		F40C8131203E71BF008EFE0E /* Assets.xcassets */ = {isa = PBXFileReference; lastKnownFileType = folder.assetcatalog; path = Assets.xcassets; sourceTree = "<group>"; };
		F40C8134203E71BF008EFE0E /* Base */ = {isa = PBXFileReference; lastKnownFileType = file.storyboard; name = Base; path = Base.lproj/LaunchScreen.storyboard; sourceTree = "<group>"; };
		F40C8136203E71BF008EFE0E /* Info.plist */ = {isa = PBXFileReference; lastKnownFileType = text.plist.xml; path = Info.plist; sourceTree = "<group>"; };
/* End PBXFileReference section */

/* Begin PBXFrameworksBuildPhase section */
		F40C8124203E71BF008EFE0E /* Frameworks */ = {
			isa = PBXFrameworksBuildPhase;
			buildActionMask = 2147483647;
			files = (
				5CA57CE5590AA83E5A3D9693 /* Pods_Rx.framework in Frameworks */,
			);
			runOnlyForDeploymentPostprocessing = 0;
		};
/* End PBXFrameworksBuildPhase section */

/* Begin PBXGroup section */
		36013CE61C0825CF227BB4E4 /* Frameworks */ = {
			isa = PBXGroup;
			children = (
				E5037874E191235B5B73552C /* Pods_Rx.framework */,
			);
			name = Frameworks;
			sourceTree = "<group>";
		};
		6F645DD3D846EC546FC9A8AF /* Pods */ = {
			isa = PBXGroup;
			children = (
				BBB8A7CD4A5A529A6EC3E3AC /* Pods-Rx.debug.xcconfig */,
				5BD233DFF042C8B2044547F6 /* Pods-Rx.release.xcconfig */,
			);
			name = Pods;
			sourceTree = "<group>";
		};
		F40C811E203E71BF008EFE0E = {
			isa = PBXGroup;
			children = (
				F40C8129203E71BF008EFE0E /* Rx */,
				F40C8128203E71BF008EFE0E /* Products */,
				6F645DD3D846EC546FC9A8AF /* Pods */,
				36013CE61C0825CF227BB4E4 /* Frameworks */,
			);
			sourceTree = "<group>";
		};
		F40C8128203E71BF008EFE0E /* Products */ = {
			isa = PBXGroup;
			children = (
				F40C8127203E71BF008EFE0E /* Rx.app */,
			);
			name = Products;
			sourceTree = "<group>";
		};
		F40C8129203E71BF008EFE0E /* Rx */ = {
			isa = PBXGroup;
			children = (
				F40C812A203E71BF008EFE0E /* AppDelegate.swift */,
				F40C812C203E71BF008EFE0E /* ViewController.swift */,
				F40C812E203E71BF008EFE0E /* Main.storyboard */,
				F40C8131203E71BF008EFE0E /* Assets.xcassets */,
				F40C8133203E71BF008EFE0E /* LaunchScreen.storyboard */,
				F40C8136203E71BF008EFE0E /* Info.plist */,
			);
			path = Rx;
			sourceTree = "<group>";
		};
/* End PBXGroup section */

/* Begin PBXNativeTarget section */
		F40C8126203E71BF008EFE0E /* Rx */ = {
			isa = PBXNativeTarget;
			buildConfigurationList = F40C8139203E71BF008EFE0E /* Build configuration list for PBXNativeTarget "Rx" */;
			buildPhases = (
				6048CEBFDF9EB7704D4E7178 /* [CP] Check Pods Manifest.lock */,
				F40C8123203E71BF008EFE0E /* Sources */,
				F40C8124203E71BF008EFE0E /* Frameworks */,
				F40C8125203E71BF008EFE0E /* Resources */,
				E7BEE3E8F6DC6B9A1AC000D6 /* [CP] Embed Pods Frameworks */,
				D62E7C650E6B10C0E64FCC7B /* [CP] Copy Pods Resources */,
			);
			buildRules = (
			);
			dependencies = (
			);
			name = Rx;
			productName = Rx;
			productReference = F40C8127203E71BF008EFE0E /* Rx.app */;
			productType = "com.apple.product-type.application";
		};
/* End PBXNativeTarget section */

/* Begin PBXProject section */
		F40C811F203E71BF008EFE0E /* Project object */ = {
			isa = PBXProject;
			attributes = {
				LastSwiftUpdateCheck = 0920;
				LastUpgradeCheck = 0930;
				ORGANIZATIONNAME = Mudox;
				TargetAttributes = {
					F40C8126203E71BF008EFE0E = {
						CreatedOnToolsVersion = 9.2;
						ProvisioningStyle = Automatic;
					};
				};
			};
			buildConfigurationList = F40C8122203E71BF008EFE0E /* Build configuration list for PBXProject "Rx" */;
			compatibilityVersion = "Xcode 8.0";
			developmentRegion = en;
			hasScannedForEncodings = 0;
			knownRegions = (
				en,
				Base,
			);
			mainGroup = F40C811E203E71BF008EFE0E;
			productRefGroup = F40C8128203E71BF008EFE0E /* Products */;
			projectDirPath = "";
			projectRoot = "";
			targets = (
				F40C8126203E71BF008EFE0E /* Rx */,
			);
		};
/* End PBXProject section */

/* Begin PBXResourcesBuildPhase section */
		F40C8125203E71BF008EFE0E /* Resources */ = {
			isa = PBXResourcesBuildPhase;
			buildActionMask = 2147483647;
			files = (
				F40C8135203E71BF008EFE0E /* LaunchScreen.storyboard in Resources */,
				F40C8132203E71BF008EFE0E /* Assets.xcassets in Resources */,
				F40C8130203E71BF008EFE0E /* Main.storyboard in Resources */,
			);
			runOnlyForDeploymentPostprocessing = 0;
		};
/* End PBXResourcesBuildPhase section */

/* Begin PBXShellScriptBuildPhase section */
		6048CEBFDF9EB7704D4E7178 /* [CP] Check Pods Manifest.lock */ = {
			isa = PBXShellScriptBuildPhase;
			buildActionMask = 2147483647;
			files = (
			);
			inputPaths = (
				"${PODS_PODFILE_DIR_PATH}/Podfile.lock",
				"${PODS_ROOT}/Manifest.lock",
			);
			name = "[CP] Check Pods Manifest.lock";
			outputPaths = (
				"$(DERIVED_FILE_DIR)/Pods-Rx-checkManifestLockResult.txt",
			);
			runOnlyForDeploymentPostprocessing = 0;
			shellPath = /bin/sh;
			shellScript = "diff \"${PODS_PODFILE_DIR_PATH}/Podfile.lock\" \"${PODS_ROOT}/Manifest.lock\" > /dev/null\nif [ $? != 0 ] ; then\n    # print error to STDERR\n    echo \"error: The sandbox is not in sync with the Podfile.lock. Run 'pod install' or update your CocoaPods installation.\" >&2\n    exit 1\nfi\n# This output is used by Xcode 'outputs' to avoid re-running this script phase.\necho \"SUCCESS\" > \"${SCRIPT_OUTPUT_FILE_0}\"\n";
			showEnvVarsInLog = 0;
		};
		D62E7C650E6B10C0E64FCC7B /* [CP] Copy Pods Resources */ = {
			isa = PBXShellScriptBuildPhase;
			buildActionMask = 2147483647;
			files = (
			);
			inputPaths = (
			);
			name = "[CP] Copy Pods Resources";
			outputPaths = (
			);
			runOnlyForDeploymentPostprocessing = 0;
			shellPath = /bin/sh;
			shellScript = "\"${SRCROOT}/Pods/Target Support Files/Pods-Rx/Pods-Rx-resources.sh\"\n";
			showEnvVarsInLog = 0;
		};
		E7BEE3E8F6DC6B9A1AC000D6 /* [CP] Embed Pods Frameworks */ = {
			isa = PBXShellScriptBuildPhase;
			buildActionMask = 2147483647;
			files = (
			);
			inputPaths = (
				"${SRCROOT}/Pods/Target Support Files/Pods-Rx/Pods-Rx-frameworks.sh",
				"${BUILT_PRODUCTS_DIR}/RxCocoa/RxCocoa.framework",
				"${BUILT_PRODUCTS_DIR}/RxSwift/RxSwift.framework",
			);
			name = "[CP] Embed Pods Frameworks";
			outputPaths = (
				"${TARGET_BUILD_DIR}/${FRAMEWORKS_FOLDER_PATH}/RxCocoa.framework",
				"${TARGET_BUILD_DIR}/${FRAMEWORKS_FOLDER_PATH}/RxSwift.framework",
			);
			runOnlyForDeploymentPostprocessing = 0;
			shellPath = /bin/sh;
			shellScript = "\"${SRCROOT}/Pods/Target Support Files/Pods-Rx/Pods-Rx-frameworks.sh\"\n";
			showEnvVarsInLog = 0;
		};
/* End PBXShellScriptBuildPhase section */

/* Begin PBXSourcesBuildPhase section */
		F40C8123203E71BF008EFE0E /* Sources */ = {
			isa = PBXSourcesBuildPhase;
			buildActionMask = 2147483647;
			files = (
				F40C812D203E71BF008EFE0E /* ViewController.swift in Sources */,
				F40C812B203E71BF008EFE0E /* AppDelegate.swift in Sources */,
			);
			runOnlyForDeploymentPostprocessing = 0;
		};
/* End PBXSourcesBuildPhase section */

/* Begin PBXVariantGroup section */
		F40C812E203E71BF008EFE0E /* Main.storyboard */ = {
			isa = PBXVariantGroup;
			children = (
				F40C812F203E71BF008EFE0E /* Base */,
			);
			name = Main.storyboard;
			sourceTree = "<group>";
		};
		F40C8133203E71BF008EFE0E /* LaunchScreen.storyboard */ = {
			isa = PBXVariantGroup;
			children = (
				F40C8134203E71BF008EFE0E /* Base */,
			);
			name = LaunchScreen.storyboard;
			sourceTree = "<group>";
		};
/* End PBXVariantGroup section */

/* Begin XCBuildConfiguration section */
		F40C8137203E71BF008EFE0E /* Debug */ = {
			isa = XCBuildConfiguration;
			buildSettings = {
				ALWAYS_SEARCH_USER_PATHS = NO;
				CLANG_ANALYZER_NONNULL = YES;
				CLANG_ANALYZER_NUMBER_OBJECT_CONVERSION = YES_AGGRESSIVE;
				CLANG_CXX_LANGUAGE_STANDARD = "gnu++14";
				CLANG_CXX_LIBRARY = "libc++";
				CLANG_ENABLE_MODULES = YES;
				CLANG_ENABLE_OBJC_ARC = YES;
				CLANG_WARN_BLOCK_CAPTURE_AUTORELEASING = YES;
				CLANG_WARN_BOOL_CONVERSION = YES;
				CLANG_WARN_COMMA = YES;
				CLANG_WARN_CONSTANT_CONVERSION = YES;
				CLANG_WARN_DEPRECATED_OBJC_IMPLEMENTATIONS = YES;
				CLANG_WARN_DIRECT_OBJC_ISA_USAGE = YES_ERROR;
				CLANG_WARN_DOCUMENTATION_COMMENTS = YES;
				CLANG_WARN_EMPTY_BODY = YES;
				CLANG_WARN_ENUM_CONVERSION = YES;
				CLANG_WARN_INFINITE_RECURSION = YES;
				CLANG_WARN_INT_CONVERSION = YES;
				CLANG_WARN_NON_LITERAL_NULL_CONVERSION = YES;
				CLANG_WARN_OBJC_IMPLICIT_RETAIN_SELF = YES;
				CLANG_WARN_OBJC_LITERAL_CONVERSION = YES;
				CLANG_WARN_OBJC_ROOT_CLASS = YES_ERROR;
				CLANG_WARN_RANGE_LOOP_ANALYSIS = YES;
				CLANG_WARN_STRICT_PROTOTYPES = YES;
				CLANG_WARN_SUSPICIOUS_MOVE = YES;
				CLANG_WARN_UNGUARDED_AVAILABILITY = YES_AGGRESSIVE;
				CLANG_WARN_UNREACHABLE_CODE = YES;
				CLANG_WARN__DUPLICATE_METHOD_MATCH = YES;
				CODE_SIGN_IDENTITY = "iPhone Developer";
				COPY_PHASE_STRIP = NO;
				DEBUG_INFORMATION_FORMAT = dwarf;
				ENABLE_STRICT_OBJC_MSGSEND = YES;
				ENABLE_TESTABILITY = YES;
				GCC_C_LANGUAGE_STANDARD = gnu11;
				GCC_DYNAMIC_NO_PIC = NO;
				GCC_NO_COMMON_BLOCKS = YES;
				GCC_OPTIMIZATION_LEVEL = 0;
				GCC_PREPROCESSOR_DEFINITIONS = (
					"DEBUG=1",
					"$(inherited)",
				);
				GCC_WARN_64_TO_32_BIT_CONVERSION = YES;
				GCC_WARN_ABOUT_RETURN_TYPE = YES_ERROR;
				GCC_WARN_UNDECLARED_SELECTOR = YES;
				GCC_WARN_UNINITIALIZED_AUTOS = YES_AGGRESSIVE;
				GCC_WARN_UNUSED_FUNCTION = YES;
				GCC_WARN_UNUSED_VARIABLE = YES;
				IPHONEOS_DEPLOYMENT_TARGET = 11.2;
				MTL_ENABLE_DEBUG_INFO = YES;
				ONLY_ACTIVE_ARCH = YES;
				SDKROOT = iphoneos;
				SWIFT_ACTIVE_COMPILATION_CONDITIONS = DEBUG;
				SWIFT_OPTIMIZATION_LEVEL = "-Onone";
			};
			name = Debug;
		};
		F40C8138203E71BF008EFE0E /* Release */ = {
			isa = XCBuildConfiguration;
			buildSettings = {
				ALWAYS_SEARCH_USER_PATHS = NO;
				CLANG_ANALYZER_NONNULL = YES;
				CLANG_ANALYZER_NUMBER_OBJECT_CONVERSION = YES_AGGRESSIVE;
				CLANG_CXX_LANGUAGE_STANDARD = "gnu++14";
				CLANG_CXX_LIBRARY = "libc++";
				CLANG_ENABLE_MODULES = YES;
				CLANG_ENABLE_OBJC_ARC = YES;
				CLANG_WARN_BLOCK_CAPTURE_AUTORELEASING = YES;
				CLANG_WARN_BOOL_CONVERSION = YES;
				CLANG_WARN_COMMA = YES;
				CLANG_WARN_CONSTANT_CONVERSION = YES;
				CLANG_WARN_DEPRECATED_OBJC_IMPLEMENTATIONS = YES;
				CLANG_WARN_DIRECT_OBJC_ISA_USAGE = YES_ERROR;
				CLANG_WARN_DOCUMENTATION_COMMENTS = YES;
				CLANG_WARN_EMPTY_BODY = YES;
				CLANG_WARN_ENUM_CONVERSION = YES;
				CLANG_WARN_INFINITE_RECURSION = YES;
				CLANG_WARN_INT_CONVERSION = YES;
				CLANG_WARN_NON_LITERAL_NULL_CONVERSION = YES;
				CLANG_WARN_OBJC_IMPLICIT_RETAIN_SELF = YES;
				CLANG_WARN_OBJC_LITERAL_CONVERSION = YES;
				CLANG_WARN_OBJC_ROOT_CLASS = YES_ERROR;
				CLANG_WARN_RANGE_LOOP_ANALYSIS = YES;
				CLANG_WARN_STRICT_PROTOTYPES = YES;
				CLANG_WARN_SUSPICIOUS_MOVE = YES;
				CLANG_WARN_UNGUARDED_AVAILABILITY = YES_AGGRESSIVE;
				CLANG_WARN_UNREACHABLE_CODE = YES;
				CLANG_WARN__DUPLICATE_METHOD_MATCH = YES;
				CODE_SIGN_IDENTITY = "iPhone Developer";
				COPY_PHASE_STRIP = NO;
				DEBUG_INFORMATION_FORMAT = "dwarf-with-dsym";
				ENABLE_NS_ASSERTIONS = NO;
				ENABLE_STRICT_OBJC_MSGSEND = YES;
				GCC_C_LANGUAGE_STANDARD = gnu11;
				GCC_NO_COMMON_BLOCKS = YES;
				GCC_WARN_64_TO_32_BIT_CONVERSION = YES;
				GCC_WARN_ABOUT_RETURN_TYPE = YES_ERROR;
				GCC_WARN_UNDECLARED_SELECTOR = YES;
				GCC_WARN_UNINITIALIZED_AUTOS = YES_AGGRESSIVE;
				GCC_WARN_UNUSED_FUNCTION = YES;
				GCC_WARN_UNUSED_VARIABLE = YES;
				IPHONEOS_DEPLOYMENT_TARGET = 11.2;
				MTL_ENABLE_DEBUG_INFO = NO;
				SDKROOT = iphoneos;
				SWIFT_OPTIMIZATION_LEVEL = "-Owholemodule";
				VALIDATE_PRODUCT = YES;
			};
			name = Release;
		};
		F40C813A203E71BF008EFE0E /* Debug */ = {
			isa = XCBuildConfiguration;
			baseConfigurationReference = BBB8A7CD4A5A529A6EC3E3AC /* Pods-Rx.debug.xcconfig */;
			buildSettings = {
				ASSETCATALOG_COMPILER_APPICON_NAME = AppIcon;
				CODE_SIGN_STYLE = Automatic;
				DEVELOPMENT_TEAM = YSQ5ZCLFSD;
				INFOPLIST_FILE = Rx/Info.plist;
				LD_RUNPATH_SEARCH_PATHS = "$(inherited) @executable_path/Frameworks";
				PRODUCT_BUNDLE_IDENTIFIER = io.github.mudox.Rx;
				PRODUCT_NAME = "$(TARGET_NAME)";
				SWIFT_VERSION = 4.0;
				TARGETED_DEVICE_FAMILY = "1,2";
			};
			name = Debug;
		};
		F40C813B203E71BF008EFE0E /* Release */ = {
			isa = XCBuildConfiguration;
			baseConfigurationReference = 5BD233DFF042C8B2044547F6 /* Pods-Rx.release.xcconfig */;
			buildSettings = {
				ASSETCATALOG_COMPILER_APPICON_NAME = AppIcon;
				CODE_SIGN_STYLE = Automatic;
				DEVELOPMENT_TEAM = YSQ5ZCLFSD;
				INFOPLIST_FILE = Rx/Info.plist;
				LD_RUNPATH_SEARCH_PATHS = "$(inherited) @executable_path/Frameworks";
				PRODUCT_BUNDLE_IDENTIFIER = io.github.mudox.Rx;
				PRODUCT_NAME = "$(TARGET_NAME)";
				SWIFT_VERSION = 4.0;
				TARGETED_DEVICE_FAMILY = "1,2";
			};
			name = Release;
		};
/* End XCBuildConfiguration section */

/* Begin XCConfigurationList section */
		F40C8122203E71BF008EFE0E /* Build configuration list for PBXProject "Rx" */ = {
			isa = XCConfigurationList;
			buildConfigurations = (
				F40C8137203E71BF008EFE0E /* Debug */,
				F40C8138203E71BF008EFE0E /* Release */,
			);
			defaultConfigurationIsVisible = 0;
			defaultConfigurationName = Release;
		};
		F40C8139203E71BF008EFE0E /* Build configuration list for PBXNativeTarget "Rx" */ = {
			isa = XCConfigurationList;
			buildConfigurations = (
				F40C813A203E71BF008EFE0E /* Debug */,
				F40C813B203E71BF008EFE0E /* Release */,
			);
			defaultConfigurationIsVisible = 0;
			defaultConfigurationName = Release;
		};
/* End XCConfigurationList section */
	};
	rootObject = F40C811F203E71BF008EFE0E /* Project object */;
}
